
Microsoft Visual Studio Solution File, Format Version 12.00
# Visual Studio Version 16
VisualStudioVersion = 16.0.31613.86
MinimumVisualStudioVersion = 10.0.40219.1
Project("{FAE04EC0-301F-11D3-BF4B-00C04F79EFBC}") = "PicDector", "PicDector\PicDector.csproj", "{70F538FE-CA08-4257-8B66-DF68A078F7DC}"
EndProject
Global
	GlobalSection(SolutionConfigurationPlatforms) = preSolution
		Debug|Any CPU = Debug|Any CPU
		Release|Any CPU = Release|Any CPU
	EndGlobalSection
	GlobalSection(ProjectConfigurationPlatforms) = postSolution
		{70F538FE-CA08-4257-8B66-DF68A078F7DC}.Debug|Any CPU.ActiveCfg = Debug|Any CPU
		{70F538FE-CA08-4257-8B66-DF68A078F7DC}.Debug|Any CPU.Build.0 = Debug|Any CPU
		{70F538FE-CA08-4257-8B66-DF68A078F7DC}.Release|Any CPU.ActiveCfg = Release|Any CPU
		{70F538FE-CA08-4257-8B66-DF68A078F7DC}.Release|Any CPU.Build.0 = Release|Any CPU
	EndGlobalSection
	GlobalSection(SolutionProperties) = preSolution
		HideSolutionNode = FALSE
	EndGlobalSection
	GlobalSection(ExtensibilityGlobals) = postSolution
		SolutionGuid = {C799E2B5-91AC-4AF7-8417-C7DAE32CB320}
	EndGlobalSection
EndGlobal
